// !$*UTF8*$!
{
	archiveVersion = 1;
	classes = {
	};
	objectVersion = 50;
	objects = {

/* Begin PBXBuildFile section */
		7707D143220187F1006AA699 /* Categories.json in Resources */ = {isa = PBXBuildFile; fileRef = 7707D142220187F1006AA699 /* Categories.json */; };
		7707D1452201901A006AA699 /* TypeDecodable.swift in Sources */ = {isa = PBXBuildFile; fileRef = 7707D1442201901A006AA699 /* TypeDecodable.swift */; };
		7707D1472201B699006AA699 /* Settings.swift in Sources */ = {isa = PBXBuildFile; fileRef = 7707D1462201B699006AA699 /* Settings.swift */; };
		7723AE6321F5CFF900F76DE7 /* Question.swift in Sources */ = {isa = PBXBuildFile; fileRef = 7723AE6221F5CFF900F76DE7 /* Question.swift */; };
		7723AE6A21F6E1F800F76DE7 /* MainViewController.swift in Sources */ = {isa = PBXBuildFile; fileRef = 7723AE6921F6E1F800F76DE7 /* MainViewController.swift */; };
		7723AE7421F7121200F76DE7 /* NetworkManager.swift in Sources */ = {isa = PBXBuildFile; fileRef = 7723AE7321F7121200F76DE7 /* NetworkManager.swift */; };
		772D1A932203318600607290 /* WelcomeViewController.swift in Sources */ = {isa = PBXBuildFile; fileRef = 772D1A922203318600607290 /* WelcomeViewController.swift */; };
		7740AADF21F86C5D00CDDE4A /* AdvertisingCell.swift in Sources */ = {isa = PBXBuildFile; fileRef = 7740AADE21F86C5D00CDDE4A /* AdvertisingCell.swift */; };
		7740AAE121F897CE00CDDE4A /* PrepareGameViewController.swift in Sources */ = {isa = PBXBuildFile; fileRef = 7740AAE021F897CE00CDDE4A /* PrepareGameViewController.swift */; };
		7740AAE321F89F4200CDDE4A /* GameViewController.swift in Sources */ = {isa = PBXBuildFile; fileRef = 7740AAE221F89F4200CDDE4A /* GameViewController.swift */; };
		7742D0F121F9A39700F3A677 /* FourImagesView.swift in Sources */ = {isa = PBXBuildFile; fileRef = 7742D0F021F9A39700F3A677 /* FourImagesView.swift */; };
		7742D0F321F9A3A600F3A677 /* FourImagesView.xib in Resources */ = {isa = PBXBuildFile; fileRef = 7742D0F221F9A3A600F3A677 /* FourImagesView.xib */; };
		7742D0F521F9A3D700F3A677 /* SimpleQuestionView.xib in Resources */ = {isa = PBXBuildFile; fileRef = 7742D0F421F9A3D700F3A677 /* SimpleQuestionView.xib */; };
		7742D0F721F9A3E500F3A677 /* SimpleQuestionView.swift in Sources */ = {isa = PBXBuildFile; fileRef = 7742D0F621F9A3E500F3A677 /* SimpleQuestionView.swift */; };
		7742D0F921F9A3F500F3A677 /* TrueFalseView.swift in Sources */ = {isa = PBXBuildFile; fileRef = 7742D0F821F9A3F500F3A677 /* TrueFalseView.swift */; };
		7742D0FB21F9A40400F3A677 /* TrueFalseView.xib in Resources */ = {isa = PBXBuildFile; fileRef = 7742D0FA21F9A40400F3A677 /* TrueFalseView.xib */; };
		7742D0FD21F9B36500F3A677 /* CountdownView.swift in Sources */ = {isa = PBXBuildFile; fileRef = 7742D0FC21F9B36500F3A677 /* CountdownView.swift */; };
		7742D0FF21F9B36F00F3A677 /* CountdownView.xib in Resources */ = {isa = PBXBuildFile; fileRef = 7742D0FE21F9B36F00F3A677 /* CountdownView.xib */; };
		7742D10121F9B88B00F3A677 /* CircleView.swift in Sources */ = {isa = PBXBuildFile; fileRef = 7742D10021F9B88B00F3A677 /* CircleView.swift */; };
		7742D10321F9CB1900F3A677 /* GameViewController+Koloda.swift in Sources */ = {isa = PBXBuildFile; fileRef = 7742D10221F9CB1900F3A677 /* GameViewController+Koloda.swift */; };
		7745EA3F21FDBA5B00210E96 /* AudioManager.swift in Sources */ = {isa = PBXBuildFile; fileRef = 7745EA3E21FDBA5B00210E96 /* AudioManager.swift */; };
		7745EA4121FE4A4400210E96 /* UserDefaults+Extension.swift in Sources */ = {isa = PBXBuildFile; fileRef = 7745EA4021FE4A4400210E96 /* UserDefaults+Extension.swift */; };
		7745EA4321FF77E400210E96 /* HelperFile.swift in Sources */ = {isa = PBXBuildFile; fileRef = 7745EA4221FF77E400210E96 /* HelperFile.swift */; };
		776EC55B21FA3827005BA18A /* User.swift in Sources */ = {isa = PBXBuildFile; fileRef = 776EC55A21FA3827005BA18A /* User.swift */; };
		777A67A222086A7C00031808 /* RegistrationViewController.swift in Sources */ = {isa = PBXBuildFile; fileRef = 777A67A122086A7C00031808 /* RegistrationViewController.swift */; };
		777A67A422086BBD00031808 /* UIView+Extension.swift in Sources */ = {isa = PBXBuildFile; fileRef = 777A67A322086BBD00031808 /* UIView+Extension.swift */; };
		777C770821FACBBD0022A636 /* Statistics.swift in Sources */ = {isa = PBXBuildFile; fileRef = 777C770721FACBBD0022A636 /* Statistics.swift */; };
		777C770A21FAD27C0022A636 /* Session.swift in Sources */ = {isa = PBXBuildFile; fileRef = 777C770921FAD27C0022A636 /* Session.swift */; };
		777C770C21FAF15D0022A636 /* RealmManager.swift in Sources */ = {isa = PBXBuildFile; fileRef = 777C770B21FAF15D0022A636 /* RealmManager.swift */; };
		777C771221FC4CD60022A636 /* SettingsViewController.swift in Sources */ = {isa = PBXBuildFile; fileRef = 777C771121FC4CD60022A636 /* SettingsViewController.swift */; };
		777C771421FC4D920022A636 /* ProfileSettingsViewController.swift in Sources */ = {isa = PBXBuildFile; fileRef = 777C771321FC4D920022A636 /* ProfileSettingsViewController.swift */; };
		77894EA322081AF60041EE94 /* WelcomePageCell.swift in Sources */ = {isa = PBXBuildFile; fileRef = 77894EA122081AF60041EE94 /* WelcomePageCell.swift */; };
		77A00A0C2209D75400C821B6 /* CategoryCell.swift in Sources */ = {isa = PBXBuildFile; fileRef = 77A00A0B2209D75300C821B6 /* CategoryCell.swift */; };
		77A00A102209D7FD00C821B6 /* SubcategoryCell.swift in Sources */ = {isa = PBXBuildFile; fileRef = 77A00A0F2209D7FD00C821B6 /* SubcategoryCell.swift */; };
		77AB717B21F728A1008F4018 /* IBCustomView.swift in Sources */ = {isa = PBXBuildFile; fileRef = 77AB717A21F728A1008F4018 /* IBCustomView.swift */; };
		77AB717D21F7292E008F4018 /* Color+Extension.swift in Sources */ = {isa = PBXBuildFile; fileRef = 77AB717C21F7292E008F4018 /* Color+Extension.swift */; };
		77AB717F21F7459A008F4018 /* Login.storyboard in Resources */ = {isa = PBXBuildFile; fileRef = 77AB717E21F7459A008F4018 /* Login.storyboard */; };
		77AB718121F7571F008F4018 /* TextField+Extension.swift in Sources */ = {isa = PBXBuildFile; fileRef = 77AB718021F7571F008F4018 /* TextField+Extension.swift */; };
		77AB718321F75AAE008F4018 /* LoginViewController.swift in Sources */ = {isa = PBXBuildFile; fileRef = 77AB718221F75AAE008F4018 /* LoginViewController.swift */; };
		77AB718521F75C60008F4018 /* UIViewController+Extension.swift in Sources */ = {isa = PBXBuildFile; fileRef = 77AB718421F75C60008F4018 /* UIViewController+Extension.swift */; };
		77AB718921F762E2008F4018 /* UISegue.swift in Sources */ = {isa = PBXBuildFile; fileRef = 77AB718821F762E2008F4018 /* UISegue.swift */; };
		77AB718F21F86B18008F4018 /* AdvertisingViewController.swift in Sources */ = {isa = PBXBuildFile; fileRef = 77AB718E21F86B17008F4018 /* AdvertisingViewController.swift */; };
		77D6536B2212B1AD00E942B0 /* UserManager.swift in Sources */ = {isa = PBXBuildFile; fileRef = 77D6536A2212B1AD00E942B0 /* UserManager.swift */; };
		77D6536D2212B4BD00E942B0 /* LoginViewModel.swift in Sources */ = {isa = PBXBuildFile; fileRef = 77D6536C2212B4BD00E942B0 /* LoginViewModel.swift */; };
		77D6536F2212B9B900E942B0 /* Router.swift in Sources */ = {isa = PBXBuildFile; fileRef = 77D6536E2212B9B900E942B0 /* Router.swift */; };
		77D653712212C76700E942B0 /* Logger.swift in Sources */ = {isa = PBXBuildFile; fileRef = 77D653702212C76700E942B0 /* Logger.swift */; };
		77E2B45821F192FD00E0FE75 /* AppDelegate.swift in Sources */ = {isa = PBXBuildFile; fileRef = 77E2B45721F192FD00E0FE75 /* AppDelegate.swift */; };
		77E2B45D21F192FD00E0FE75 /* Main.storyboard in Resources */ = {isa = PBXBuildFile; fileRef = 77E2B45B21F192FD00E0FE75 /* Main.storyboard */; };
		77E2B45F21F192FF00E0FE75 /* Assets.xcassets in Resources */ = {isa = PBXBuildFile; fileRef = 77E2B45E21F192FF00E0FE75 /* Assets.xcassets */; };
		77E2B46221F192FF00E0FE75 /* LaunchScreen.storyboard in Resources */ = {isa = PBXBuildFile; fileRef = 77E2B46021F192FF00E0FE75 /* LaunchScreen.storyboard */; };
		77F30100221BC9D900C2C76B /* Login.swift in Sources */ = {isa = PBXBuildFile; fileRef = 77F300FF221BC9D900C2C76B /* Login.swift */; };
		77F30102221BE49200C2C76B /* Registration.swift in Sources */ = {isa = PBXBuildFile; fileRef = 77F30101221BE49200C2C76B /* Registration.swift */; };
		77F30104221BF4A200C2C76B /* RegistrationViewModel.swift in Sources */ = {isa = PBXBuildFile; fileRef = 77F30103221BF4A200C2C76B /* RegistrationViewModel.swift */; };
		77F30107221BF95400C2C76B /* ValidationViewModel.swift in Sources */ = {isa = PBXBuildFile; fileRef = 77F30106221BF95400C2C76B /* ValidationViewModel.swift */; };
		77F30109221C76D300C2C76B /* ImageSelector.swift in Sources */ = {isa = PBXBuildFile; fileRef = 77F30108221C76D300C2C76B /* ImageSelector.swift */; };
		8D0B9B3F22242110003E5B33 /* FindUserViewController.swift in Sources */ = {isa = PBXBuildFile; fileRef = 8D0B9B3E22242110003E5B33 /* FindUserViewController.swift */; };
		8D0B9B4122243B40003E5B33 /* OpponentViewController.swift in Sources */ = {isa = PBXBuildFile; fileRef = 8D0B9B4022243B40003E5B33 /* OpponentViewController.swift */; };
		8D0B9B43222446B2003E5B33 /* ActivityIndicatorView.swift in Sources */ = {isa = PBXBuildFile; fileRef = 8D0B9B42222446B2003E5B33 /* ActivityIndicatorView.swift */; };
		8D0B9B45222447A8003E5B33 /* RandomOpponentViewController.swift in Sources */ = {isa = PBXBuildFile; fileRef = 8D0B9B44222447A8003E5B33 /* RandomOpponentViewController.swift */; };
		8D0B9B47222564CA003E5B33 /* TypeGameViewController.swift in Sources */ = {isa = PBXBuildFile; fileRef = 8D0B9B46222564CA003E5B33 /* TypeGameViewController.swift */; };
		8D0B9B4922256570003E5B33 /* PrepareGameInfo.swift in Sources */ = {isa = PBXBuildFile; fileRef = 8D0B9B4822256570003E5B33 /* PrepareGameInfo.swift */; };
		8D204F69223653AE005F5875 /* HistoryGamesViewController.swift in Sources */ = {isa = PBXBuildFile; fileRef = 8D204F68223653AE005F5875 /* HistoryGamesViewController.swift */; };
		8DA1DCE7222FF52700E1DDD1 /* GameInformationViewController.swift in Sources */ = {isa = PBXBuildFile; fileRef = 8DA1DCE6222FF52700E1DDD1 /* GameInformationViewController.swift */; };
		8DABF13122366316006C0B58 /* HistoryGameCell.swift in Sources */ = {isa = PBXBuildFile; fileRef = 8DABF13022366316006C0B58 /* HistoryGameCell.swift */; };
		8DABF1382238FCFC006C0B58 /* WelcomeDataSource.swift in Sources */ = {isa = PBXBuildFile; fileRef = 8DABF1372238FCFC006C0B58 /* WelcomeDataSource.swift */; };
		8DABF13A22391349006C0B58 /* NavigationViewController.swift in Sources */ = {isa = PBXBuildFile; fileRef = 8DABF13922391348006C0B58 /* NavigationViewController.swift */; };
		8DABF13C22391912006C0B58 /* BaseViewController.swift in Sources */ = {isa = PBXBuildFile; fileRef = 8DABF13B22391912006C0B58 /* BaseViewController.swift */; };
		8DD570CC223B8DC500CD6073 /* Response.swift in Sources */ = {isa = PBXBuildFile; fileRef = 8DD570CB223B8DC500CD6073 /* Response.swift */; };
		8DF64FC72227E34F0011B811 /* CreateQuestionViewController.swift in Sources */ = {isa = PBXBuildFile; fileRef = 8DF64FC62227E34F0011B811 /* CreateQuestionViewController.swift */; };
		8DF64FCB22280E510011B811 /* AnswerCreateView.swift in Sources */ = {isa = PBXBuildFile; fileRef = 8DF64FCA22280E510011B811 /* AnswerCreateView.swift */; };
		8DF64FCD22280E6A0011B811 /* AnswerCreateView.xib in Resources */ = {isa = PBXBuildFile; fileRef = 8DF64FCC22280E6A0011B811 /* AnswerCreateView.xib */; };
		A47C4FE3E0CB2CA1023E10E6 /* Pods_QuizChallenge.framework in Frameworks */ = {isa = PBXBuildFile; fileRef = 909FF8AE582F54F77178FE1F /* Pods_QuizChallenge.framework */; };
/* End PBXBuildFile section */

/* Begin PBXFileReference section */
		7707D142220187F1006AA699 /* Categories.json */ = {isa = PBXFileReference; fileEncoding = 4; lastKnownFileType = text.json; path = Categories.json; sourceTree = "<group>"; };
		7707D1442201901A006AA699 /* TypeDecodable.swift */ = {isa = PBXFileReference; lastKnownFileType = sourcecode.swift; path = TypeDecodable.swift; sourceTree = "<group>"; };
		7707D1462201B699006AA699 /* Settings.swift */ = {isa = PBXFileReference; lastKnownFileType = sourcecode.swift; path = Settings.swift; sourceTree = "<group>"; };
		7723AE6221F5CFF900F76DE7 /* Question.swift */ = {isa = PBXFileReference; lastKnownFileType = sourcecode.swift; path = Question.swift; sourceTree = "<group>"; };
		7723AE6921F6E1F800F76DE7 /* MainViewController.swift */ = {isa = PBXFileReference; lastKnownFileType = sourcecode.swift; path = MainViewController.swift; sourceTree = "<group>"; };
		7723AE7321F7121200F76DE7 /* NetworkManager.swift */ = {isa = PBXFileReference; lastKnownFileType = sourcecode.swift; path = NetworkManager.swift; sourceTree = "<group>"; };
		772D1A922203318600607290 /* WelcomeViewController.swift */ = {isa = PBXFileReference; lastKnownFileType = sourcecode.swift; path = WelcomeViewController.swift; sourceTree = "<group>"; };
		7740AADE21F86C5D00CDDE4A /* AdvertisingCell.swift */ = {isa = PBXFileReference; lastKnownFileType = sourcecode.swift; path = AdvertisingCell.swift; sourceTree = "<group>"; };
		7740AAE021F897CE00CDDE4A /* PrepareGameViewController.swift */ = {isa = PBXFileReference; lastKnownFileType = sourcecode.swift; path = PrepareGameViewController.swift; sourceTree = "<group>"; };
		7740AAE221F89F4200CDDE4A /* GameViewController.swift */ = {isa = PBXFileReference; lastKnownFileType = sourcecode.swift; path = GameViewController.swift; sourceTree = "<group>"; };
		7742D0F021F9A39700F3A677 /* FourImagesView.swift */ = {isa = PBXFileReference; lastKnownFileType = sourcecode.swift; path = FourImagesView.swift; sourceTree = "<group>"; };
		7742D0F221F9A3A600F3A677 /* FourImagesView.xib */ = {isa = PBXFileReference; lastKnownFileType = file.xib; path = FourImagesView.xib; sourceTree = "<group>"; };
		7742D0F421F9A3D700F3A677 /* SimpleQuestionView.xib */ = {isa = PBXFileReference; lastKnownFileType = file.xib; path = SimpleQuestionView.xib; sourceTree = "<group>"; };
		7742D0F621F9A3E500F3A677 /* SimpleQuestionView.swift */ = {isa = PBXFileReference; lastKnownFileType = sourcecode.swift; path = SimpleQuestionView.swift; sourceTree = "<group>"; };
		7742D0F821F9A3F500F3A677 /* TrueFalseView.swift */ = {isa = PBXFileReference; lastKnownFileType = sourcecode.swift; path = TrueFalseView.swift; sourceTree = "<group>"; };
		7742D0FA21F9A40400F3A677 /* TrueFalseView.xib */ = {isa = PBXFileReference; lastKnownFileType = file.xib; path = TrueFalseView.xib; sourceTree = "<group>"; };
		7742D0FC21F9B36500F3A677 /* CountdownView.swift */ = {isa = PBXFileReference; lastKnownFileType = sourcecode.swift; path = CountdownView.swift; sourceTree = "<group>"; };
		7742D0FE21F9B36F00F3A677 /* CountdownView.xib */ = {isa = PBXFileReference; lastKnownFileType = file.xib; path = CountdownView.xib; sourceTree = "<group>"; };
		7742D10021F9B88B00F3A677 /* CircleView.swift */ = {isa = PBXFileReference; lastKnownFileType = sourcecode.swift; path = CircleView.swift; sourceTree = "<group>"; };
		7742D10221F9CB1900F3A677 /* GameViewController+Koloda.swift */ = {isa = PBXFileReference; lastKnownFileType = sourcecode.swift; path = "GameViewController+Koloda.swift"; sourceTree = "<group>"; };
		7745EA3E21FDBA5B00210E96 /* AudioManager.swift */ = {isa = PBXFileReference; lastKnownFileType = sourcecode.swift; path = AudioManager.swift; sourceTree = "<group>"; };
		7745EA4021FE4A4400210E96 /* UserDefaults+Extension.swift */ = {isa = PBXFileReference; lastKnownFileType = sourcecode.swift; path = "UserDefaults+Extension.swift"; sourceTree = "<group>"; };
		7745EA4221FF77E400210E96 /* HelperFile.swift */ = {isa = PBXFileReference; lastKnownFileType = sourcecode.swift; path = HelperFile.swift; sourceTree = "<group>"; };
		776EC55A21FA3827005BA18A /* User.swift */ = {isa = PBXFileReference; lastKnownFileType = sourcecode.swift; path = User.swift; sourceTree = "<group>"; };
		777A67A122086A7C00031808 /* RegistrationViewController.swift */ = {isa = PBXFileReference; lastKnownFileType = sourcecode.swift; path = RegistrationViewController.swift; sourceTree = "<group>"; };
		777A67A322086BBD00031808 /* UIView+Extension.swift */ = {isa = PBXFileReference; lastKnownFileType = sourcecode.swift; path = "UIView+Extension.swift"; sourceTree = "<group>"; };
		777C770721FACBBD0022A636 /* Statistics.swift */ = {isa = PBXFileReference; lastKnownFileType = sourcecode.swift; path = Statistics.swift; sourceTree = "<group>"; };
		777C770921FAD27C0022A636 /* Session.swift */ = {isa = PBXFileReference; lastKnownFileType = sourcecode.swift; path = Session.swift; sourceTree = "<group>"; };
		777C770B21FAF15D0022A636 /* RealmManager.swift */ = {isa = PBXFileReference; lastKnownFileType = sourcecode.swift; path = RealmManager.swift; sourceTree = "<group>"; };
		777C771121FC4CD60022A636 /* SettingsViewController.swift */ = {isa = PBXFileReference; lastKnownFileType = sourcecode.swift; path = SettingsViewController.swift; sourceTree = "<group>"; };
		777C771321FC4D920022A636 /* ProfileSettingsViewController.swift */ = {isa = PBXFileReference; lastKnownFileType = sourcecode.swift; name = ProfileSettingsViewController.swift; path = "../New Group/ProfileSettingsViewController.swift"; sourceTree = "<group>"; };
		77894EA122081AF60041EE94 /* WelcomePageCell.swift */ = {isa = PBXFileReference; lastKnownFileType = sourcecode.swift; path = WelcomePageCell.swift; sourceTree = "<group>"; };
		77A00A0B2209D75300C821B6 /* CategoryCell.swift */ = {isa = PBXFileReference; lastKnownFileType = sourcecode.swift; path = CategoryCell.swift; sourceTree = "<group>"; };
		77A00A0F2209D7FD00C821B6 /* SubcategoryCell.swift */ = {isa = PBXFileReference; lastKnownFileType = sourcecode.swift; path = SubcategoryCell.swift; sourceTree = "<group>"; };
		77AB717A21F728A1008F4018 /* IBCustomView.swift */ = {isa = PBXFileReference; lastKnownFileType = sourcecode.swift; path = IBCustomView.swift; sourceTree = "<group>"; };
		77AB717C21F7292E008F4018 /* Color+Extension.swift */ = {isa = PBXFileReference; lastKnownFileType = sourcecode.swift; path = "Color+Extension.swift"; sourceTree = "<group>"; };
		77AB717E21F7459A008F4018 /* Login.storyboard */ = {isa = PBXFileReference; lastKnownFileType = file.storyboard; path = Login.storyboard; sourceTree = "<group>"; };
		77AB718021F7571F008F4018 /* TextField+Extension.swift */ = {isa = PBXFileReference; lastKnownFileType = sourcecode.swift; path = "TextField+Extension.swift"; sourceTree = "<group>"; };
		77AB718221F75AAE008F4018 /* LoginViewController.swift */ = {isa = PBXFileReference; lastKnownFileType = sourcecode.swift; path = LoginViewController.swift; sourceTree = "<group>"; };
		77AB718421F75C60008F4018 /* UIViewController+Extension.swift */ = {isa = PBXFileReference; lastKnownFileType = sourcecode.swift; path = "UIViewController+Extension.swift"; sourceTree = "<group>"; };
		77AB718821F762E2008F4018 /* UISegue.swift */ = {isa = PBXFileReference; lastKnownFileType = sourcecode.swift; path = UISegue.swift; sourceTree = "<group>"; };
		77AB718E21F86B17008F4018 /* AdvertisingViewController.swift */ = {isa = PBXFileReference; lastKnownFileType = sourcecode.swift; path = AdvertisingViewController.swift; sourceTree = "<group>"; };
		77D6536A2212B1AD00E942B0 /* UserManager.swift */ = {isa = PBXFileReference; lastKnownFileType = sourcecode.swift; path = UserManager.swift; sourceTree = "<group>"; };
		77D6536C2212B4BD00E942B0 /* LoginViewModel.swift */ = {isa = PBXFileReference; lastKnownFileType = sourcecode.swift; path = LoginViewModel.swift; sourceTree = "<group>"; };
		77D6536E2212B9B900E942B0 /* Router.swift */ = {isa = PBXFileReference; lastKnownFileType = sourcecode.swift; path = Router.swift; sourceTree = "<group>"; };
		77D653702212C76700E942B0 /* Logger.swift */ = {isa = PBXFileReference; lastKnownFileType = sourcecode.swift; path = Logger.swift; sourceTree = "<group>"; };
		77E2B45421F192FD00E0FE75 /* QuizChallenge.app */ = {isa = PBXFileReference; explicitFileType = wrapper.application; includeInIndex = 0; path = QuizChallenge.app; sourceTree = BUILT_PRODUCTS_DIR; };
		77E2B45721F192FD00E0FE75 /* AppDelegate.swift */ = {isa = PBXFileReference; lastKnownFileType = sourcecode.swift; path = AppDelegate.swift; sourceTree = "<group>"; };
		77E2B45C21F192FD00E0FE75 /* Base */ = {isa = PBXFileReference; lastKnownFileType = file.storyboard; name = Base; path = Base.lproj/Main.storyboard; sourceTree = "<group>"; };
		77E2B45E21F192FF00E0FE75 /* Assets.xcassets */ = {isa = PBXFileReference; lastKnownFileType = folder.assetcatalog; path = Assets.xcassets; sourceTree = "<group>"; };
		77E2B46121F192FF00E0FE75 /* Base */ = {isa = PBXFileReference; lastKnownFileType = file.storyboard; name = Base; path = Base.lproj/LaunchScreen.storyboard; sourceTree = "<group>"; };
		77E2B46321F192FF00E0FE75 /* Info.plist */ = {isa = PBXFileReference; lastKnownFileType = text.plist.xml; path = Info.plist; sourceTree = "<group>"; };
		77F300FF221BC9D900C2C76B /* Login.swift */ = {isa = PBXFileReference; lastKnownFileType = sourcecode.swift; path = Login.swift; sourceTree = "<group>"; };
		77F30101221BE49200C2C76B /* Registration.swift */ = {isa = PBXFileReference; lastKnownFileType = sourcecode.swift; path = Registration.swift; sourceTree = "<group>"; };
		77F30103221BF4A200C2C76B /* RegistrationViewModel.swift */ = {isa = PBXFileReference; lastKnownFileType = sourcecode.swift; path = RegistrationViewModel.swift; sourceTree = "<group>"; };
		77F30106221BF95400C2C76B /* ValidationViewModel.swift */ = {isa = PBXFileReference; lastKnownFileType = sourcecode.swift; path = ValidationViewModel.swift; sourceTree = "<group>"; };
		77F30108221C76D300C2C76B /* ImageSelector.swift */ = {isa = PBXFileReference; lastKnownFileType = sourcecode.swift; path = ImageSelector.swift; sourceTree = "<group>"; };
		7E87CD470603266EBFE952E8 /* Pods-QuizChallenge.debug.xcconfig */ = {isa = PBXFileReference; includeInIndex = 1; lastKnownFileType = text.xcconfig; name = "Pods-QuizChallenge.debug.xcconfig"; path = "Pods/Target Support Files/Pods-QuizChallenge/Pods-QuizChallenge.debug.xcconfig"; sourceTree = "<group>"; };
		8D0B9B3E22242110003E5B33 /* FindUserViewController.swift */ = {isa = PBXFileReference; lastKnownFileType = sourcecode.swift; path = FindUserViewController.swift; sourceTree = "<group>"; };
		8D0B9B4022243B40003E5B33 /* OpponentViewController.swift */ = {isa = PBXFileReference; lastKnownFileType = sourcecode.swift; path = OpponentViewController.swift; sourceTree = "<group>"; };
		8D0B9B42222446B2003E5B33 /* ActivityIndicatorView.swift */ = {isa = PBXFileReference; lastKnownFileType = sourcecode.swift; path = ActivityIndicatorView.swift; sourceTree = "<group>"; };
		8D0B9B44222447A8003E5B33 /* RandomOpponentViewController.swift */ = {isa = PBXFileReference; lastKnownFileType = sourcecode.swift; path = RandomOpponentViewController.swift; sourceTree = "<group>"; };
		8D0B9B46222564CA003E5B33 /* TypeGameViewController.swift */ = {isa = PBXFileReference; lastKnownFileType = sourcecode.swift; path = TypeGameViewController.swift; sourceTree = "<group>"; };
		8D0B9B4822256570003E5B33 /* PrepareGameInfo.swift */ = {isa = PBXFileReference; lastKnownFileType = sourcecode.swift; path = PrepareGameInfo.swift; sourceTree = "<group>"; };
		8D204F68223653AE005F5875 /* HistoryGamesViewController.swift */ = {isa = PBXFileReference; lastKnownFileType = sourcecode.swift; path = HistoryGamesViewController.swift; sourceTree = "<group>"; };
		8DA1DCE6222FF52700E1DDD1 /* GameInformationViewController.swift */ = {isa = PBXFileReference; lastKnownFileType = sourcecode.swift; path = GameInformationViewController.swift; sourceTree = "<group>"; };
		8DABF13022366316006C0B58 /* HistoryGameCell.swift */ = {isa = PBXFileReference; lastKnownFileType = sourcecode.swift; path = HistoryGameCell.swift; sourceTree = "<group>"; };
		8DABF1372238FCFC006C0B58 /* WelcomeDataSource.swift */ = {isa = PBXFileReference; lastKnownFileType = sourcecode.swift; path = WelcomeDataSource.swift; sourceTree = "<group>"; };
		8DABF13922391348006C0B58 /* NavigationViewController.swift */ = {isa = PBXFileReference; lastKnownFileType = sourcecode.swift; path = NavigationViewController.swift; sourceTree = "<group>"; };
		8DABF13B22391912006C0B58 /* BaseViewController.swift */ = {isa = PBXFileReference; lastKnownFileType = sourcecode.swift; path = BaseViewController.swift; sourceTree = "<group>"; };
		8DD1E18B46E59D8823964802 /* Pods-QuizChallenge.release.xcconfig */ = {isa = PBXFileReference; includeInIndex = 1; lastKnownFileType = text.xcconfig; name = "Pods-QuizChallenge.release.xcconfig"; path = "Pods/Target Support Files/Pods-QuizChallenge/Pods-QuizChallenge.release.xcconfig"; sourceTree = "<group>"; };
		8DD570CB223B8DC500CD6073 /* Response.swift */ = {isa = PBXFileReference; lastKnownFileType = sourcecode.swift; path = Response.swift; sourceTree = "<group>"; };
		8DF64FC62227E34F0011B811 /* CreateQuestionViewController.swift */ = {isa = PBXFileReference; lastKnownFileType = sourcecode.swift; path = CreateQuestionViewController.swift; sourceTree = "<group>"; };
		8DF64FCA22280E510011B811 /* AnswerCreateView.swift */ = {isa = PBXFileReference; lastKnownFileType = sourcecode.swift; path = AnswerCreateView.swift; sourceTree = "<group>"; };
		8DF64FCC22280E6A0011B811 /* AnswerCreateView.xib */ = {isa = PBXFileReference; lastKnownFileType = file.xib; path = AnswerCreateView.xib; sourceTree = "<group>"; };
		909FF8AE582F54F77178FE1F /* Pods_QuizChallenge.framework */ = {isa = PBXFileReference; explicitFileType = wrapper.framework; includeInIndex = 0; path = Pods_QuizChallenge.framework; sourceTree = BUILT_PRODUCTS_DIR; };
/* End PBXFileReference section */

/* Begin PBXFrameworksBuildPhase section */
		77E2B45121F192FD00E0FE75 /* Frameworks */ = {
			isa = PBXFrameworksBuildPhase;
			buildActionMask = 2147483647;
			files = (
				A47C4FE3E0CB2CA1023E10E6 /* Pods_QuizChallenge.framework in Frameworks */,
			);
			runOnlyForDeploymentPostprocessing = 0;
		};
/* End PBXFrameworksBuildPhase section */

/* Begin PBXGroup section */
		11D2D77C311DC6D3E5A23DC6 /* Pods */ = {
			isa = PBXGroup;
			children = (
				7E87CD470603266EBFE952E8 /* Pods-QuizChallenge.debug.xcconfig */,
				8DD1E18B46E59D8823964802 /* Pods-QuizChallenge.release.xcconfig */,
			);
			name = Pods;
			sourceTree = "<group>";
		};
		7723AE6421F5D00500F76DE7 /* Model */ = {
			isa = PBXGroup;
			children = (
				7723AE6221F5CFF900F76DE7 /* Question.swift */,
				776EC55A21FA3827005BA18A /* User.swift */,
				77F300FF221BC9D900C2C76B /* Login.swift */,
				777C770721FACBBD0022A636 /* Statistics.swift */,
				777C770921FAD27C0022A636 /* Session.swift */,
				7707D1442201901A006AA699 /* TypeDecodable.swift */,
				7707D1462201B699006AA699 /* Settings.swift */,
				77F30101221BE49200C2C76B /* Registration.swift */,
			);
			path = Model;
			sourceTree = "<group>";
		};
		7723AE6721F64E9E00F76DE7 /* ViewModel */ = {
			isa = PBXGroup;
			children = (
				77F30105221BF92600C2C76B /* Login */,
			);
			path = ViewModel;
			sourceTree = "<group>";
		};
		7723AE6821F6E18E00F76DE7 /* ViewController */ = {
			isa = PBXGroup;
			children = (
				772D1A912203316800607290 /* Login */,
				7797F6F4220053EA00DAB4C7 /* PrepareGame */,
				7723AE6921F6E1F800F76DE7 /* MainViewController.swift */,
				77AB718E21F86B17008F4018 /* AdvertisingViewController.swift */,
				7740AAE221F89F4200CDDE4A /* GameViewController.swift */,
				7742D10221F9CB1900F3A677 /* GameViewController+Koloda.swift */,
				8D204F68223653AE005F5875 /* HistoryGamesViewController.swift */,
				8DA1DCE6222FF52700E1DDD1 /* GameInformationViewController.swift */,
				8DF64FC62227E34F0011B811 /* CreateQuestionViewController.swift */,
				8DABF13922391348006C0B58 /* NavigationViewController.swift */,
				8DABF13B22391912006C0B58 /* BaseViewController.swift */,
				777C771521FC4DA70022A636 /* Settings */,
			);
			path = ViewController;
			sourceTree = "<group>";
		};
		7723AE6F21F70C6E00F76DE7 /* Services */ = {
			isa = PBXGroup;
			children = (
				7723AE7121F70C7B00F76DE7 /* Storage */,
				7723AE7021F70C7400F76DE7 /* Network */,
				77D6536A2212B1AD00E942B0 /* UserManager.swift */,
			);
			path = Services;
			sourceTree = "<group>";
		};
		7723AE7021F70C7400F76DE7 /* Network */ = {
			isa = PBXGroup;
			children = (
				7723AE7321F7121200F76DE7 /* NetworkManager.swift */,
				8DD570CB223B8DC500CD6073 /* Response.swift */,
			);
			path = Network;
			sourceTree = "<group>";
		};
		7723AE7121F70C7B00F76DE7 /* Storage */ = {
			isa = PBXGroup;
			children = (
				777C770B21FAF15D0022A636 /* RealmManager.swift */,
			);
			path = Storage;
			sourceTree = "<group>";
		};
		7723AE7221F70CC600F76DE7 /* Extensions */ = {
			isa = PBXGroup;
			children = (
				77AB717C21F7292E008F4018 /* Color+Extension.swift */,
				77AB718021F7571F008F4018 /* TextField+Extension.swift */,
				77AB718421F75C60008F4018 /* UIViewController+Extension.swift */,
				77AB718821F762E2008F4018 /* UISegue.swift */,
				7745EA4021FE4A4400210E96 /* UserDefaults+Extension.swift */,
				777A67A322086BBD00031808 /* UIView+Extension.swift */,
			);
			path = Extensions;
			sourceTree = "<group>";
		};
		772D1A912203316800607290 /* Login */ = {
			isa = PBXGroup;
			children = (
				8DABF1342238FBC4006C0B58 /* WelcomePage */,
				777A67A122086A7C00031808 /* RegistrationViewController.swift */,
				77AB718221F75AAE008F4018 /* LoginViewController.swift */,
			);
			path = Login;
			sourceTree = "<group>";
		};
		7742D0EF21F982E100F3A677 /* GameView */ = {
			isa = PBXGroup;
			children = (
				7742D0F021F9A39700F3A677 /* FourImagesView.swift */,
				7742D0F221F9A3A600F3A677 /* FourImagesView.xib */,
				7742D0F621F9A3E500F3A677 /* SimpleQuestionView.swift */,
				7742D0F421F9A3D700F3A677 /* SimpleQuestionView.xib */,
				7742D0F821F9A3F500F3A677 /* TrueFalseView.swift */,
				7742D0FA21F9A40400F3A677 /* TrueFalseView.xib */,
				7742D0FC21F9B36500F3A677 /* CountdownView.swift */,
				7742D0FE21F9B36F00F3A677 /* CountdownView.xib */,
				7742D10021F9B88B00F3A677 /* CircleView.swift */,
				8D0B9B42222446B2003E5B33 /* ActivityIndicatorView.swift */,
			);
			path = GameView;
			sourceTree = "<group>";
		};
		777C771521FC4DA70022A636 /* Settings */ = {
			isa = PBXGroup;
			children = (
				777C771121FC4CD60022A636 /* SettingsViewController.swift */,
				777C771321FC4D920022A636 /* ProfileSettingsViewController.swift */,
			);
			path = Settings;
			sourceTree = "<group>";
		};
		777EAFA122007EB100A3C14B /* Category */ = {
			isa = PBXGroup;
			children = (
				77A00A0B2209D75300C821B6 /* CategoryCell.swift */,
				77A00A0F2209D7FD00C821B6 /* SubcategoryCell.swift */,
			);
			path = Category;
			sourceTree = "<group>";
		};
		77894E9B2204A7890041EE94 /* LoginView */ = {
			isa = PBXGroup;
			children = (
				77894EA122081AF60041EE94 /* WelcomePageCell.swift */,
			);
			path = LoginView;
			sourceTree = "<group>";
		};
		7797F6F4220053EA00DAB4C7 /* PrepareGame */ = {
			isa = PBXGroup;
			children = (
				8D0B9B46222564CA003E5B33 /* TypeGameViewController.swift */,
				7740AAE021F897CE00CDDE4A /* PrepareGameViewController.swift */,
				8D0B9B3E22242110003E5B33 /* FindUserViewController.swift */,
				8D0B9B4022243B40003E5B33 /* OpponentViewController.swift */,
				8D0B9B44222447A8003E5B33 /* RandomOpponentViewController.swift */,
				8D0B9B4822256570003E5B33 /* PrepareGameInfo.swift */,
			);
			path = PrepareGame;
			sourceTree = "<group>";
		};
		7797F6F722006B1E00DAB4C7 /* PrepareGameView */ = {
			isa = PBXGroup;
			children = (
				777EAFA122007EB100A3C14B /* Category */,
			);
			path = PrepareGameView;
			sourceTree = "<group>";
		};
		77AB717421F726B4008F4018 /* View */ = {
			isa = PBXGroup;
			children = (
				77894E9B2204A7890041EE94 /* LoginView */,
				7797F6F722006B1E00DAB4C7 /* PrepareGameView */,
				7742D0EF21F982E100F3A677 /* GameView */,
				7740AADE21F86C5D00CDDE4A /* AdvertisingCell.swift */,
				8DF64FCA22280E510011B811 /* AnswerCreateView.swift */,
				8DF64FCC22280E6A0011B811 /* AnswerCreateView.xib */,
				8DABF13022366316006C0B58 /* HistoryGameCell.swift */,
			);
			path = View;
			sourceTree = "<group>";
		};
		77AB717921F7287A008F4018 /* Helpers */ = {
			isa = PBXGroup;
			children = (
				7707D142220187F1006AA699 /* Categories.json */,
				77AB717A21F728A1008F4018 /* IBCustomView.swift */,
				7745EA3E21FDBA5B00210E96 /* AudioManager.swift */,
				7745EA4221FF77E400210E96 /* HelperFile.swift */,
				7723AE7221F70CC600F76DE7 /* Extensions */,
				77D6536E2212B9B900E942B0 /* Router.swift */,
				77D653702212C76700E942B0 /* Logger.swift */,
				77F30108221C76D300C2C76B /* ImageSelector.swift */,
			);
			path = Helpers;
			sourceTree = "<group>";
		};
		77E2B44B21F192FC00E0FE75 = {
			isa = PBXGroup;
			children = (
				77E2B45621F192FD00E0FE75 /* QuizChallenge */,
				77E2B45521F192FD00E0FE75 /* Products */,
				11D2D77C311DC6D3E5A23DC6 /* Pods */,
				8C2B705DFEDC91527C461E1D /* Frameworks */,
			);
			sourceTree = "<group>";
		};
		77E2B45521F192FD00E0FE75 /* Products */ = {
			isa = PBXGroup;
			children = (
				77E2B45421F192FD00E0FE75 /* QuizChallenge.app */,
			);
			name = Products;
			sourceTree = "<group>";
		};
		77E2B45621F192FD00E0FE75 /* QuizChallenge */ = {
			isa = PBXGroup;
			children = (
				7723AE6F21F70C6E00F76DE7 /* Services */,
				77AB717421F726B4008F4018 /* View */,
				7723AE6421F5D00500F76DE7 /* Model */,
				7723AE6721F64E9E00F76DE7 /* ViewModel */,
				7723AE6821F6E18E00F76DE7 /* ViewController */,
				77AB717921F7287A008F4018 /* Helpers */,
				77E2B45721F192FD00E0FE75 /* AppDelegate.swift */,
				77AB717E21F7459A008F4018 /* Login.storyboard */,
				77E2B45B21F192FD00E0FE75 /* Main.storyboard */,
				77E2B45E21F192FF00E0FE75 /* Assets.xcassets */,
				77E2B46021F192FF00E0FE75 /* LaunchScreen.storyboard */,
				77E2B46321F192FF00E0FE75 /* Info.plist */,
			);
			path = QuizChallenge;
			sourceTree = "<group>";
		};
		77F30105221BF92600C2C76B /* Login */ = {
			isa = PBXGroup;
			children = (
				77D6536C2212B4BD00E942B0 /* LoginViewModel.swift */,
				77F30103221BF4A200C2C76B /* RegistrationViewModel.swift */,
				77F30106221BF95400C2C76B /* ValidationViewModel.swift */,
			);
			path = Login;
			sourceTree = "<group>";
		};
		8C2B705DFEDC91527C461E1D /* Frameworks */ = {
			isa = PBXGroup;
			children = (
				909FF8AE582F54F77178FE1F /* Pods_QuizChallenge.framework */,
			);
			name = Frameworks;
			sourceTree = "<group>";
		};
		8DABF1342238FBC4006C0B58 /* WelcomePage */ = {
			isa = PBXGroup;
			children = (
				8DABF1372238FCFC006C0B58 /* WelcomeDataSource.swift */,
				772D1A922203318600607290 /* WelcomeViewController.swift */,
			);
			path = WelcomePage;
			sourceTree = "<group>";
		};
/* End PBXGroup section */

/* Begin PBXNativeTarget section */
		77E2B45321F192FD00E0FE75 /* QuizChallenge */ = {
			isa = PBXNativeTarget;
			buildConfigurationList = 77E2B46621F192FF00E0FE75 /* Build configuration list for PBXNativeTarget "QuizChallenge" */;
			buildPhases = (
				D8BB321885D3874A138F8117 /* [CP] Check Pods Manifest.lock */,
				77E2B45021F192FD00E0FE75 /* Sources */,
				77E2B45121F192FD00E0FE75 /* Frameworks */,
				77E2B45221F192FD00E0FE75 /* Resources */,
				34E40647E960358516655F43 /* [CP] Embed Pods Frameworks */,
			);
			buildRules = (
			);
			dependencies = (
			);
			name = QuizChallenge;
			productName = QuizChallenge;
			productReference = 77E2B45421F192FD00E0FE75 /* QuizChallenge.app */;
			productType = "com.apple.product-type.application";
		};
/* End PBXNativeTarget section */

/* Begin PBXProject section */
		77E2B44C21F192FC00E0FE75 /* Project object */ = {
			isa = PBXProject;
			attributes = {
				LastSwiftUpdateCheck = 1010;
				LastUpgradeCheck = 1010;
				ORGANIZATIONNAME = "Anton Makarov";
				TargetAttributes = {
					77E2B45321F192FD00E0FE75 = {
						CreatedOnToolsVersion = 10.1;
					};
				};
			};
			buildConfigurationList = 77E2B44F21F192FC00E0FE75 /* Build configuration list for PBXProject "QuizChallenge" */;
			compatibilityVersion = "Xcode 9.3";
			developmentRegion = en;
			hasScannedForEncodings = 0;
			knownRegions = (
				en,
				Base,
			);
			mainGroup = 77E2B44B21F192FC00E0FE75;
			productRefGroup = 77E2B45521F192FD00E0FE75 /* Products */;
			projectDirPath = "";
			projectRoot = "";
			targets = (
				77E2B45321F192FD00E0FE75 /* QuizChallenge */,
			);
		};
/* End PBXProject section */

/* Begin PBXResourcesBuildPhase section */
		77E2B45221F192FD00E0FE75 /* Resources */ = {
			isa = PBXResourcesBuildPhase;
			buildActionMask = 2147483647;
			files = (
				7707D143220187F1006AA699 /* Categories.json in Resources */,
				77AB717F21F7459A008F4018 /* Login.storyboard in Resources */,
				8DF64FCD22280E6A0011B811 /* AnswerCreateView.xib in Resources */,
				7742D0FB21F9A40400F3A677 /* TrueFalseView.xib in Resources */,
				77E2B46221F192FF00E0FE75 /* LaunchScreen.storyboard in Resources */,
				77E2B45F21F192FF00E0FE75 /* Assets.xcassets in Resources */,
				7742D0F321F9A3A600F3A677 /* FourImagesView.xib in Resources */,
				7742D0F521F9A3D700F3A677 /* SimpleQuestionView.xib in Resources */,
				7742D0FF21F9B36F00F3A677 /* CountdownView.xib in Resources */,
				77E2B45D21F192FD00E0FE75 /* Main.storyboard in Resources */,
			);
			runOnlyForDeploymentPostprocessing = 0;
		};
/* End PBXResourcesBuildPhase section */

/* Begin PBXShellScriptBuildPhase section */
		34E40647E960358516655F43 /* [CP] Embed Pods Frameworks */ = {
			isa = PBXShellScriptBuildPhase;
			buildActionMask = 2147483647;
			files = (
			);
			inputPaths = (
				"${SRCROOT}/Pods/Target Support Files/Pods-QuizChallenge/Pods-QuizChallenge-frameworks.sh",
				"${BUILT_PRODUCTS_DIR}/AMPopTip/AMPopTip.framework",
				"${BUILT_PRODUCTS_DIR}/Alamofire/Alamofire.framework",
				"${BUILT_PRODUCTS_DIR}/AlamofireImage/AlamofireImage.framework",
				"${BUILT_PRODUCTS_DIR}/AlamofireObjectMapper/AlamofireObjectMapper.framework",
				"${BUILT_PRODUCTS_DIR}/Koloda/Koloda.framework",
				"${BUILT_PRODUCTS_DIR}/ObjectMapper/ObjectMapper.framework",
				"${BUILT_PRODUCTS_DIR}/QuickLayout/QuickLayout.framework",
				"${BUILT_PRODUCTS_DIR}/Realm/Realm.framework",
				"${BUILT_PRODUCTS_DIR}/RealmSwift/RealmSwift.framework",
				"${BUILT_PRODUCTS_DIR}/RxAtomic/RxAtomic.framework",
				"${BUILT_PRODUCTS_DIR}/RxCocoa/RxCocoa.framework",
				"${BUILT_PRODUCTS_DIR}/RxSwift/RxSwift.framework",
				"${BUILT_PRODUCTS_DIR}/SCLAlertView/SCLAlertView.framework",
				"${BUILT_PRODUCTS_DIR}/Sentry/Sentry.framework",
				"${BUILT_PRODUCTS_DIR}/SkeletonView/SkeletonView.framework",
				"${BUILT_PRODUCTS_DIR}/SwiftEntryKit/SwiftEntryKit.framework",
				"${BUILT_PRODUCTS_DIR}/TransitionButton/TransitionButton.framework",
				"${BUILT_PRODUCTS_DIR}/pop/pop.framework",
			);
			name = "[CP] Embed Pods Frameworks";
			outputPaths = (
				"${TARGET_BUILD_DIR}/${FRAMEWORKS_FOLDER_PATH}/AMPopTip.framework",
				"${TARGET_BUILD_DIR}/${FRAMEWORKS_FOLDER_PATH}/Alamofire.framework",
				"${TARGET_BUILD_DIR}/${FRAMEWORKS_FOLDER_PATH}/AlamofireImage.framework",
				"${TARGET_BUILD_DIR}/${FRAMEWORKS_FOLDER_PATH}/AlamofireObjectMapper.framework",
				"${TARGET_BUILD_DIR}/${FRAMEWORKS_FOLDER_PATH}/Koloda.framework",
				"${TARGET_BUILD_DIR}/${FRAMEWORKS_FOLDER_PATH}/ObjectMapper.framework",
				"${TARGET_BUILD_DIR}/${FRAMEWORKS_FOLDER_PATH}/QuickLayout.framework",
				"${TARGET_BUILD_DIR}/${FRAMEWORKS_FOLDER_PATH}/Realm.framework",
				"${TARGET_BUILD_DIR}/${FRAMEWORKS_FOLDER_PATH}/RealmSwift.framework",
				"${TARGET_BUILD_DIR}/${FRAMEWORKS_FOLDER_PATH}/RxAtomic.framework",
				"${TARGET_BUILD_DIR}/${FRAMEWORKS_FOLDER_PATH}/RxCocoa.framework",
				"${TARGET_BUILD_DIR}/${FRAMEWORKS_FOLDER_PATH}/RxSwift.framework",
				"${TARGET_BUILD_DIR}/${FRAMEWORKS_FOLDER_PATH}/SCLAlertView.framework",
				"${TARGET_BUILD_DIR}/${FRAMEWORKS_FOLDER_PATH}/Sentry.framework",
				"${TARGET_BUILD_DIR}/${FRAMEWORKS_FOLDER_PATH}/SkeletonView.framework",
				"${TARGET_BUILD_DIR}/${FRAMEWORKS_FOLDER_PATH}/SwiftEntryKit.framework",
				"${TARGET_BUILD_DIR}/${FRAMEWORKS_FOLDER_PATH}/TransitionButton.framework",
				"${TARGET_BUILD_DIR}/${FRAMEWORKS_FOLDER_PATH}/pop.framework",
			);
			runOnlyForDeploymentPostprocessing = 0;
			shellPath = /bin/sh;
			shellScript = "\"${SRCROOT}/Pods/Target Support Files/Pods-QuizChallenge/Pods-QuizChallenge-frameworks.sh\"\n";
			showEnvVarsInLog = 0;
		};
		D8BB321885D3874A138F8117 /* [CP] Check Pods Manifest.lock */ = {
			isa = PBXShellScriptBuildPhase;
			buildActionMask = 2147483647;
			files = (
			);
			inputPaths = (
				"${PODS_PODFILE_DIR_PATH}/Podfile.lock",
				"${PODS_ROOT}/Manifest.lock",
			);
			name = "[CP] Check Pods Manifest.lock";
			outputPaths = (
				"$(DERIVED_FILE_DIR)/Pods-QuizChallenge-checkManifestLockResult.txt",
			);
			runOnlyForDeploymentPostprocessing = 0;
			shellPath = /bin/sh;
			shellScript = "diff \"${PODS_PODFILE_DIR_PATH}/Podfile.lock\" \"${PODS_ROOT}/Manifest.lock\" > /dev/null\nif [ $? != 0 ] ; then\n    # print error to STDERR\n    echo \"error: The sandbox is not in sync with the Podfile.lock. Run 'pod install' or update your CocoaPods installation.\" >&2\n    exit 1\nfi\n# This output is used by Xcode 'outputs' to avoid re-running this script phase.\necho \"SUCCESS\" > \"${SCRIPT_OUTPUT_FILE_0}\"\n";
			showEnvVarsInLog = 0;
		};
/* End PBXShellScriptBuildPhase section */

/* Begin PBXSourcesBuildPhase section */
		77E2B45021F192FD00E0FE75 /* Sources */ = {
			isa = PBXSourcesBuildPhase;
			buildActionMask = 2147483647;
			files = (
				77D6536D2212B4BD00E942B0 /* LoginViewModel.swift in Sources */,
				777C770A21FAD27C0022A636 /* Session.swift in Sources */,
				8DABF13122366316006C0B58 /* HistoryGameCell.swift in Sources */,
				776EC55B21FA3827005BA18A /* User.swift in Sources */,
				8D0B9B4922256570003E5B33 /* PrepareGameInfo.swift in Sources */,
				8DABF13C22391912006C0B58 /* BaseViewController.swift in Sources */,
				77F30107221BF95400C2C76B /* ValidationViewModel.swift in Sources */,
				777A67A422086BBD00031808 /* UIView+Extension.swift in Sources */,
				777C770821FACBBD0022A636 /* Statistics.swift in Sources */,
				7742D0FD21F9B36500F3A677 /* CountdownView.swift in Sources */,
				777C771421FC4D920022A636 /* ProfileSettingsViewController.swift in Sources */,
				77D653712212C76700E942B0 /* Logger.swift in Sources */,
				8D204F69223653AE005F5875 /* HistoryGamesViewController.swift in Sources */,
				7723AE6321F5CFF900F76DE7 /* Question.swift in Sources */,
				77AB717B21F728A1008F4018 /* IBCustomView.swift in Sources */,
				7740AAE321F89F4200CDDE4A /* GameViewController.swift in Sources */,
				7745EA3F21FDBA5B00210E96 /* AudioManager.swift in Sources */,
				8D0B9B43222446B2003E5B33 /* ActivityIndicatorView.swift in Sources */,
				777A67A222086A7C00031808 /* RegistrationViewController.swift in Sources */,
				77AB718F21F86B18008F4018 /* AdvertisingViewController.swift in Sources */,
				7742D10121F9B88B00F3A677 /* CircleView.swift in Sources */,
				8DABF13A22391349006C0B58 /* NavigationViewController.swift in Sources */,
				7745EA4121FE4A4400210E96 /* UserDefaults+Extension.swift in Sources */,
				77894EA322081AF60041EE94 /* WelcomePageCell.swift in Sources */,
				7742D0F121F9A39700F3A677 /* FourImagesView.swift in Sources */,
				77D6536B2212B1AD00E942B0 /* UserManager.swift in Sources */,
				7707D1472201B699006AA699 /* Settings.swift in Sources */,
				77A00A0C2209D75400C821B6 /* CategoryCell.swift in Sources */,
				77AB718521F75C60008F4018 /* UIViewController+Extension.swift in Sources */,
				8D0B9B3F22242110003E5B33 /* FindUserViewController.swift in Sources */,
				777C770C21FAF15D0022A636 /* RealmManager.swift in Sources */,
				77E2B45821F192FD00E0FE75 /* AppDelegate.swift in Sources */,
				7723AE7421F7121200F76DE7 /* NetworkManager.swift in Sources */,
				8DD570CC223B8DC500CD6073 /* Response.swift in Sources */,
				7723AE6A21F6E1F800F76DE7 /* MainViewController.swift in Sources */,
				77AB718121F7571F008F4018 /* TextField+Extension.swift in Sources */,
				8DF64FCB22280E510011B811 /* AnswerCreateView.swift in Sources */,
				772D1A932203318600607290 /* WelcomeViewController.swift in Sources */,
				8D0B9B47222564CA003E5B33 /* TypeGameViewController.swift in Sources */,
				8DABF1382238FCFC006C0B58 /* WelcomeDataSource.swift in Sources */,
				77F30104221BF4A200C2C76B /* RegistrationViewModel.swift in Sources */,
				77A00A102209D7FD00C821B6 /* SubcategoryCell.swift in Sources */,
				8D0B9B4122243B40003E5B33 /* OpponentViewController.swift in Sources */,
				77D6536F2212B9B900E942B0 /* Router.swift in Sources */,
				8DA1DCE7222FF52700E1DDD1 /* GameInformationViewController.swift in Sources */,
				77AB717D21F7292E008F4018 /* Color+Extension.swift in Sources */,
				7707D1452201901A006AA699 /* TypeDecodable.swift in Sources */,
				7742D10321F9CB1900F3A677 /* GameViewController+Koloda.swift in Sources */,
				7740AADF21F86C5D00CDDE4A /* AdvertisingCell.swift in Sources */,
				8D0B9B45222447A8003E5B33 /* RandomOpponentViewController.swift in Sources */,
				777C771221FC4CD60022A636 /* SettingsViewController.swift in Sources */,
				77AB718321F75AAE008F4018 /* LoginViewController.swift in Sources */,
				7742D0F721F9A3E500F3A677 /* SimpleQuestionView.swift in Sources */,
				8DF64FC72227E34F0011B811 /* CreateQuestionViewController.swift in Sources */,
				77F30102221BE49200C2C76B /* Registration.swift in Sources */,
				77F30109221C76D300C2C76B /* ImageSelector.swift in Sources */,
				7745EA4321FF77E400210E96 /* HelperFile.swift in Sources */,
				77F30100221BC9D900C2C76B /* Login.swift in Sources */,
				77AB718921F762E2008F4018 /* UISegue.swift in Sources */,
				7740AAE121F897CE00CDDE4A /* PrepareGameViewController.swift in Sources */,
				7742D0F921F9A3F500F3A677 /* TrueFalseView.swift in Sources */,
			);
			runOnlyForDeploymentPostprocessing = 0;
		};
/* End PBXSourcesBuildPhase section */

/* Begin PBXVariantGroup section */
		77E2B45B21F192FD00E0FE75 /* Main.storyboard */ = {
			isa = PBXVariantGroup;
			children = (
				77E2B45C21F192FD00E0FE75 /* Base */,
			);
			name = Main.storyboard;
			sourceTree = "<group>";
		};
		77E2B46021F192FF00E0FE75 /* LaunchScreen.storyboard */ = {
			isa = PBXVariantGroup;
			children = (
				77E2B46121F192FF00E0FE75 /* Base */,
			);
			name = LaunchScreen.storyboard;
			sourceTree = "<group>";
		};
/* End PBXVariantGroup section */

/* Begin XCBuildConfiguration section */
		77E2B46421F192FF00E0FE75 /* Debug */ = {
			isa = XCBuildConfiguration;
			buildSettings = {
				ALWAYS_SEARCH_USER_PATHS = NO;
				CLANG_ANALYZER_NONNULL = YES;
				CLANG_ANALYZER_NUMBER_OBJECT_CONVERSION = YES_AGGRESSIVE;
				CLANG_CXX_LANGUAGE_STANDARD = "gnu++14";
				CLANG_CXX_LIBRARY = "libc++";
				CLANG_ENABLE_MODULES = YES;
				CLANG_ENABLE_OBJC_ARC = YES;
				CLANG_ENABLE_OBJC_WEAK = YES;
				CLANG_WARN_BLOCK_CAPTURE_AUTORELEASING = YES;
				CLANG_WARN_BOOL_CONVERSION = YES;
				CLANG_WARN_COMMA = YES;
				CLANG_WARN_CONSTANT_CONVERSION = YES;
				CLANG_WARN_DEPRECATED_OBJC_IMPLEMENTATIONS = YES;
				CLANG_WARN_DIRECT_OBJC_ISA_USAGE = YES_ERROR;
				CLANG_WARN_DOCUMENTATION_COMMENTS = YES;
				CLANG_WARN_EMPTY_BODY = YES;
				CLANG_WARN_ENUM_CONVERSION = YES;
				CLANG_WARN_INFINITE_RECURSION = YES;
				CLANG_WARN_INT_CONVERSION = YES;
				CLANG_WARN_NON_LITERAL_NULL_CONVERSION = YES;
				CLANG_WARN_OBJC_IMPLICIT_RETAIN_SELF = YES;
				CLANG_WARN_OBJC_LITERAL_CONVERSION = YES;
				CLANG_WARN_OBJC_ROOT_CLASS = YES_ERROR;
				CLANG_WARN_RANGE_LOOP_ANALYSIS = YES;
				CLANG_WARN_STRICT_PROTOTYPES = YES;
				CLANG_WARN_SUSPICIOUS_MOVE = YES;
				CLANG_WARN_UNGUARDED_AVAILABILITY = YES_AGGRESSIVE;
				CLANG_WARN_UNREACHABLE_CODE = YES;
				CLANG_WARN__DUPLICATE_METHOD_MATCH = YES;
				CODE_SIGN_IDENTITY = "iPhone Developer";
				COPY_PHASE_STRIP = NO;
				DEBUG_INFORMATION_FORMAT = dwarf;
				ENABLE_STRICT_OBJC_MSGSEND = YES;
				ENABLE_TESTABILITY = YES;
				GCC_C_LANGUAGE_STANDARD = gnu11;
				GCC_DYNAMIC_NO_PIC = NO;
				GCC_NO_COMMON_BLOCKS = YES;
				GCC_OPTIMIZATION_LEVEL = 0;
				GCC_PREPROCESSOR_DEFINITIONS = (
					"DEBUG=1",
					"$(inherited)",
				);
				GCC_WARN_64_TO_32_BIT_CONVERSION = YES;
				GCC_WARN_ABOUT_RETURN_TYPE = YES_ERROR;
				GCC_WARN_UNDECLARED_SELECTOR = YES;
				GCC_WARN_UNINITIALIZED_AUTOS = YES_AGGRESSIVE;
				GCC_WARN_UNUSED_FUNCTION = YES;
				GCC_WARN_UNUSED_VARIABLE = YES;
				IPHONEOS_DEPLOYMENT_TARGET = 12.1;
				MTL_ENABLE_DEBUG_INFO = INCLUDE_SOURCE;
				MTL_FAST_MATH = YES;
				ONLY_ACTIVE_ARCH = YES;
				SDKROOT = iphoneos;
				SWIFT_ACTIVE_COMPILATION_CONDITIONS = DEBUG;
				SWIFT_OPTIMIZATION_LEVEL = "-Onone";
			};
			name = Debug;
		};
		77E2B46521F192FF00E0FE75 /* Release */ = {
			isa = XCBuildConfiguration;
			buildSettings = {
				ALWAYS_SEARCH_USER_PATHS = NO;
				CLANG_ANALYZER_NONNULL = YES;
				CLANG_ANALYZER_NUMBER_OBJECT_CONVERSION = YES_AGGRESSIVE;
				CLANG_CXX_LANGUAGE_STANDARD = "gnu++14";
				CLANG_CXX_LIBRARY = "libc++";
				CLANG_ENABLE_MODULES = YES;
				CLANG_ENABLE_OBJC_ARC = YES;
				CLANG_ENABLE_OBJC_WEAK = YES;
				CLANG_WARN_BLOCK_CAPTURE_AUTORELEASING = YES;
				CLANG_WARN_BOOL_CONVERSION = YES;
				CLANG_WARN_COMMA = YES;
				CLANG_WARN_CONSTANT_CONVERSION = YES;
				CLANG_WARN_DEPRECATED_OBJC_IMPLEMENTATIONS = YES;
				CLANG_WARN_DIRECT_OBJC_ISA_USAGE = YES_ERROR;
				CLANG_WARN_DOCUMENTATION_COMMENTS = YES;
				CLANG_WARN_EMPTY_BODY = YES;
				CLANG_WARN_ENUM_CONVERSION = YES;
				CLANG_WARN_INFINITE_RECURSION = YES;
				CLANG_WARN_INT_CONVERSION = YES;
				CLANG_WARN_NON_LITERAL_NULL_CONVERSION = YES;
				CLANG_WARN_OBJC_IMPLICIT_RETAIN_SELF = YES;
				CLANG_WARN_OBJC_LITERAL_CONVERSION = YES;
				CLANG_WARN_OBJC_ROOT_CLASS = YES_ERROR;
				CLANG_WARN_RANGE_LOOP_ANALYSIS = YES;
				CLANG_WARN_STRICT_PROTOTYPES = YES;
				CLANG_WARN_SUSPICIOUS_MOVE = YES;
				CLANG_WARN_UNGUARDED_AVAILABILITY = YES_AGGRESSIVE;
				CLANG_WARN_UNREACHABLE_CODE = YES;
				CLANG_WARN__DUPLICATE_METHOD_MATCH = YES;
				CODE_SIGN_IDENTITY = "iPhone Developer";
				COPY_PHASE_STRIP = NO;
				DEBUG_INFORMATION_FORMAT = "dwarf-with-dsym";
				ENABLE_NS_ASSERTIONS = NO;
				ENABLE_STRICT_OBJC_MSGSEND = YES;
				GCC_C_LANGUAGE_STANDARD = gnu11;
				GCC_NO_COMMON_BLOCKS = YES;
				GCC_WARN_64_TO_32_BIT_CONVERSION = YES;
				GCC_WARN_ABOUT_RETURN_TYPE = YES_ERROR;
				GCC_WARN_UNDECLARED_SELECTOR = YES;
				GCC_WARN_UNINITIALIZED_AUTOS = YES_AGGRESSIVE;
				GCC_WARN_UNUSED_FUNCTION = YES;
				GCC_WARN_UNUSED_VARIABLE = YES;
				IPHONEOS_DEPLOYMENT_TARGET = 12.1;
				MTL_ENABLE_DEBUG_INFO = NO;
				MTL_FAST_MATH = YES;
				SDKROOT = iphoneos;
				SWIFT_COMPILATION_MODE = wholemodule;
				SWIFT_OPTIMIZATION_LEVEL = "-O";
				VALIDATE_PRODUCT = YES;
			};
			name = Release;
		};
		77E2B46721F192FF00E0FE75 /* Debug */ = {
			isa = XCBuildConfiguration;
			baseConfigurationReference = 7E87CD470603266EBFE952E8 /* Pods-QuizChallenge.debug.xcconfig */;
			buildSettings = {
				ASSETCATALOG_COMPILER_APPICON_NAME = AppIcon;
				CODE_SIGN_IDENTITY = "iPhone Developer";
				"CODE_SIGN_IDENTITY[sdk=*]" = "iPhone Developer";
				CODE_SIGN_STYLE = Automatic;
				DEVELOPMENT_TEAM = RA8RP8Z7ML;
				INFOPLIST_FILE = QuizChallenge/Info.plist;
				IPHONEOS_DEPLOYMENT_TARGET = 11.0;
				LD_RUNPATH_SEARCH_PATHS = (
					"$(inherited)",
					"@executable_path/Frameworks",
				);
				PRODUCT_BUNDLE_IDENTIFIER = Anton.Makarov.QuizChallenge;
				PRODUCT_NAME = "$(TARGET_NAME)";
				PROVISIONING_PROFILE_SPECIFIER = "";
				SWIFT_VERSION = 4.2;
				TARGETED_DEVICE_FAMILY = "1,2";
			};
			name = Debug;
		};
		77E2B46821F192FF00E0FE75 /* Release */ = {
			isa = XCBuildConfiguration;
			baseConfigurationReference = 8DD1E18B46E59D8823964802 /* Pods-QuizChallenge.release.xcconfig */;
			buildSettings = {
				ASSETCATALOG_COMPILER_APPICON_NAME = AppIcon;
				CODE_SIGN_IDENTITY = "iPhone Developer";
				"CODE_SIGN_IDENTITY[sdk=*]" = "iPhone Developer";
				CODE_SIGN_STYLE = Automatic;
				DEVELOPMENT_TEAM = RA8RP8Z7ML;
				INFOPLIST_FILE = QuizChallenge/Info.plist;
				IPHONEOS_DEPLOYMENT_TARGET = 11.0;
				LD_RUNPATH_SEARCH_PATHS = (
					"$(inherited)",
					"@executable_path/Frameworks",
				);
				PRODUCT_BUNDLE_IDENTIFIER = Anton.Makarov.QuizChallenge;
				PRODUCT_NAME = "$(TARGET_NAME)";
				PROVISIONING_PROFILE_SPECIFIER = "";
				SWIFT_VERSION = 4.2;
				TARGETED_DEVICE_FAMILY = "1,2";
			};
			name = Release;
		};
/* End XCBuildConfiguration section */

/* Begin XCConfigurationList section */
		77E2B44F21F192FC00E0FE75 /* Build configuration list for PBXProject "QuizChallenge" */ = {
			isa = XCConfigurationList;
			buildConfigurations = (
				77E2B46421F192FF00E0FE75 /* Debug */,
				77E2B46521F192FF00E0FE75 /* Release */,
			);
			defaultConfigurationIsVisible = 0;
			defaultConfigurationName = Release;
		};
		77E2B46621F192FF00E0FE75 /* Build configuration list for PBXNativeTarget "QuizChallenge" */ = {
			isa = XCConfigurationList;
			buildConfigurations = (
				77E2B46721F192FF00E0FE75 /* Debug */,
				77E2B46821F192FF00E0FE75 /* Release */,
			);
			defaultConfigurationIsVisible = 0;
			defaultConfigurationName = Release;
		};
/* End XCConfigurationList section */
	};
	rootObject = 77E2B44C21F192FC00E0FE75 /* Project object */;
}
